
Microsoft Visual Studio Solution File, Format Version 12.00
# Visual Studio Version 16
VisualStudioVersion = 16.0.30804.86
MinimumVisualStudioVersion = 10.0.40219.1
Project("{9A19103F-16F7-4668-BE54-9A1E7A4F7556}") = "OdeToFood.Core", "OdeToFood.Core\OdeToFood.Core.csproj", "{2C8F42B6-A4CA-43C8-93EA-C3E3A402E450}"
EndProject
Project("{9A19103F-16F7-4668-BE54-9A1E7A4F7556}") = "OdeToFood.Data", "OdeToFood.Data\OdeToFood.Data.csproj", "{B1027E00-5C3E-4259-AA6E-6C1C60B4C0C1}"
EndProject
Project("{FAE04EC0-301F-11D3-BF4B-00C04F79EFBC}") = "OdeToFood", "WebApplication1\OdeToFood.csproj", "{4BF6839F-1238-4A7E-B718-9BB56C9E27AA}"
	ProjectSection(ProjectDependencies) = postProject
		{B1027E00-5C3E-4259-AA6E-6C1C60B4C0C1} = {B1027E00-5C3E-4259-AA6E-6C1C60B4C0C1}
		{2C8F42B6-A4CA-43C8-93EA-C3E3A402E450} = {2C8F42B6-A4CA-43C8-93EA-C3E3A402E450}
	EndProjectSection
EndProject
Global
	GlobalSection(SolutionConfigurationPlatforms) = preSolution
		Debug|Any CPU = Debug|Any CPU
		Release|Any CPU = Release|Any CPU
	EndGlobalSection
	GlobalSection(ProjectConfigurationPlatforms) = postSolution
		{2C8F42B6-A4CA-43C8-93EA-C3E3A402E450}.Debug|Any CPU.ActiveCfg = Debug|Any CPU
		{2C8F42B6-A4CA-43C8-93EA-C3E3A402E450}.Debug|Any CPU.Build.0 = Debug|Any CPU
		{2C8F42B6-A4CA-43C8-93EA-C3E3A402E450}.Release|Any CPU.ActiveCfg = Release|Any CPU
		{2C8F42B6-A4CA-43C8-93EA-C3E3A402E450}.Release|Any CPU.Build.0 = Release|Any CPU
		{B1027E00-5C3E-4259-AA6E-6C1C60B4C0C1}.Debug|Any CPU.ActiveCfg = Debug|Any CPU
		{B1027E00-5C3E-4259-AA6E-6C1C60B4C0C1}.Debug|Any CPU.Build.0 = Debug|Any CPU
		{B1027E00-5C3E-4259-AA6E-6C1C60B4C0C1}.Release|Any CPU.ActiveCfg = Release|Any CPU
		{B1027E00-5C3E-4259-AA6E-6C1C60B4C0C1}.Release|Any CPU.Build.0 = Release|Any CPU
		{4BF6839F-1238-4A7E-B718-9BB56C9E27AA}.Debug|Any CPU.ActiveCfg = Debug|Any CPU
		{4BF6839F-1238-4A7E-B718-9BB56C9E27AA}.Debug|Any CPU.Build.0 = Debug|Any CPU
		{4BF6839F-1238-4A7E-B718-9BB56C9E27AA}.Release|Any CPU.ActiveCfg = Release|Any CPU
		{4BF6839F-1238-4A7E-B718-9BB56C9E27AA}.Release|Any CPU.Build.0 = Release|Any CPU
	EndGlobalSection
	GlobalSection(SolutionProperties) = preSolution
		HideSolutionNode = FALSE
	EndGlobalSection
	GlobalSection(ExtensibilityGlobals) = postSolution
		SolutionGuid = {66E1169F-C95A-42E7-B9F0-8CB74F22E92E}
	EndGlobalSection
EndGlobal
